
Microsoft Visual Studio Solution File, Format Version 11.00
# Visual Studio 2010
Project("{FAE04EC0-301F-11D3-BF4B-00C04F79EFBC}") = "FtpClient", "FtpClient\FtpClient.csproj", "{3A18E6A1-5C8B-4F5C-8FC2-C16D6F77853B}"
EndProject
Global
	GlobalSection(SolutionConfigurationPlatforms) = preSolution
		Debug|x86 = Debug|x86
		Release|x86 = Release|x86
	EndGlobalSection
	GlobalSection(ProjectConfigurationPlatforms) = postSolution
		{3A18E6A1-5C8B-4F5C-8FC2-C16D6F77853B}.Debug|x86.ActiveCfg = Debug|x86
		{3A18E6A1-5C8B-4F5C-8FC2-C16D6F77853B}.Debug|x86.Build.0 = Debug|x86
		{3A18E6A1-5C8B-4F5C-8FC2-C16D6F77853B}.Release|x86.ActiveCfg = Release|x86
		{3A18E6A1-5C8B-4F5C-8FC2-C16D6F77853B}.Release|x86.Build.0 = Release|x86
	EndGlobalSection
	GlobalSection(SolutionProperties) = preSolution
		HideSolutionNode = FALSE
	EndGlobalSection
EndGlobal
